
Microsoft Visual Studio Solution File, Format Version 12.00
# Visual Studio Version 17
VisualStudioVersion = 17.3.32929.385
MinimumVisualStudioVersion = 10.0.40219.1
Project("{FAE04EC0-301F-11D3-BF4B-00C04F79EFBC}") = "RestApiLab5", "RestApiLab5\RestApiLab5.csproj", "{A919FE1C-E8BD-492A-8D6F-6541B6F99DF6}"
EndProject
Global
	GlobalSection(SolutionConfigurationPlatforms) = preSolution
		Debug|Any CPU = Debug|Any CPU
		Release|Any CPU = Release|Any CPU
	EndGlobalSection
	GlobalSection(ProjectConfigurationPlatforms) = postSolution
		{A919FE1C-E8BD-492A-8D6F-6541B6F99DF6}.Debug|Any CPU.ActiveCfg = Debug|Any CPU
		{A919FE1C-E8BD-492A-8D6F-6541B6F99DF6}.Debug|Any CPU.Build.0 = Debug|Any CPU
		{A919FE1C-E8BD-492A-8D6F-6541B6F99DF6}.Release|Any CPU.ActiveCfg = Release|Any CPU
		{A919FE1C-E8BD-492A-8D6F-6541B6F99DF6}.Release|Any CPU.Build.0 = Release|Any CPU
	EndGlobalSection
	GlobalSection(SolutionProperties) = preSolution
		HideSolutionNode = FALSE
	EndGlobalSection
	GlobalSection(ExtensibilityGlobals) = postSolution
		SolutionGuid = {79E036FB-F005-4A2F-8508-0DF62C99E9B8}
	EndGlobalSection
EndGlobal
